
Microsoft Visual Studio Solution File, Format Version 12.00
# Visual Studio Version 17
VisualStudioVersion = 17.3.32811.315
MinimumVisualStudioVersion = 10.0.40219.1
Project("{FAE04EC0-301F-11D3-BF4B-00C04F79EFBC}") = "uppgift 5.6", "uppgift 5.6\uppgift 5.6.csproj", "{CCE089A0-6D29-468F-A3CE-578BDB4BA485}"
EndProject
Global
	GlobalSection(SolutionConfigurationPlatforms) = preSolution
		Debug|Any CPU = Debug|Any CPU
		Release|Any CPU = Release|Any CPU
	EndGlobalSection
	GlobalSection(ProjectConfigurationPlatforms) = postSolution
		{CCE089A0-6D29-468F-A3CE-578BDB4BA485}.Debug|Any CPU.ActiveCfg = Debug|Any CPU
		{CCE089A0-6D29-468F-A3CE-578BDB4BA485}.Debug|Any CPU.Build.0 = Debug|Any CPU
		{CCE089A0-6D29-468F-A3CE-578BDB4BA485}.Release|Any CPU.ActiveCfg = Release|Any CPU
		{CCE089A0-6D29-468F-A3CE-578BDB4BA485}.Release|Any CPU.Build.0 = Release|Any CPU
	EndGlobalSection
	GlobalSection(SolutionProperties) = preSolution
		HideSolutionNode = FALSE
	EndGlobalSection
	GlobalSection(ExtensibilityGlobals) = postSolution
		SolutionGuid = {7BA29B67-D0B8-40F0-9743-4FA883EB3FED}
	EndGlobalSection
EndGlobal
